
Microsoft Visual Studio Solution File, Format Version 12.00
# Visual Studio Version 16
VisualStudioVersion = 16.0.30804.86
MinimumVisualStudioVersion = 10.0.40219.1
Project("{FAE04EC0-301F-11D3-BF4B-00C04F79EFBC}") = "login_media", "login_media\login_media.csproj", "{818F9AA8-3ED0-4477-9559-EF9C5A245F16}"
EndProject
Global
	GlobalSection(SolutionConfigurationPlatforms) = preSolution
		Debug|Any CPU = Debug|Any CPU
		Release|Any CPU = Release|Any CPU
	EndGlobalSection
	GlobalSection(ProjectConfigurationPlatforms) = postSolution
		{818F9AA8-3ED0-4477-9559-EF9C5A245F16}.Debug|Any CPU.ActiveCfg = Debug|Any CPU
		{818F9AA8-3ED0-4477-9559-EF9C5A245F16}.Debug|Any CPU.Build.0 = Debug|Any CPU
		{818F9AA8-3ED0-4477-9559-EF9C5A245F16}.Release|Any CPU.ActiveCfg = Release|Any CPU
		{818F9AA8-3ED0-4477-9559-EF9C5A245F16}.Release|Any CPU.Build.0 = Release|Any CPU
	EndGlobalSection
	GlobalSection(SolutionProperties) = preSolution
		HideSolutionNode = FALSE
	EndGlobalSection
	GlobalSection(ExtensibilityGlobals) = postSolution
		SolutionGuid = {44DA2F76-470F-4CFF-B2D9-FE70F952415B}
	EndGlobalSection
EndGlobal
